// !$*UTF8*$!
{
	archiveVersion = 1;
	classes = {
	};
	objectVersion = 50;
	objects = {

/* Begin PBXBuildFile section */
		FA4FAA4E278884A3004ABED2 /* AppDelegate.swift in Sources */ = {isa = PBXBuildFile; fileRef = FA4FAA4D278884A3004ABED2 /* AppDelegate.swift */; };
		FA4FAA50278884A3004ABED2 /* SceneDelegate.swift in Sources */ = {isa = PBXBuildFile; fileRef = FA4FAA4F278884A3004ABED2 /* SceneDelegate.swift */; };
		FA4FAA52278884A3004ABED2 /* ViewController.swift in Sources */ = {isa = PBXBuildFile; fileRef = FA4FAA51278884A3004ABED2 /* ViewController.swift */; };
		FA4FAA55278884A3004ABED2 /* Main.storyboard in Resources */ = {isa = PBXBuildFile; fileRef = FA4FAA53278884A3004ABED2 /* Main.storyboard */; };
		FA4FAA5A278884A5004ABED2 /* Assets.xcassets in Resources */ = {isa = PBXBuildFile; fileRef = FA4FAA59278884A5004ABED2 /* Assets.xcassets */; };
		FA4FAA5D278884A5004ABED2 /* LaunchScreen.storyboard in Resources */ = {isa = PBXBuildFile; fileRef = FA4FAA5B278884A5004ABED2 /* LaunchScreen.storyboard */; };
		FA4FAA68278884A5004ABED2 /* ListPhotosTests.swift in Sources */ = {isa = PBXBuildFile; fileRef = FA4FAA67278884A5004ABED2 /* ListPhotosTests.swift */; };
		FA4FAA73278884A6004ABED2 /* ListPhotosUITests.swift in Sources */ = {isa = PBXBuildFile; fileRef = FA4FAA72278884A6004ABED2 /* ListPhotosUITests.swift */; };
		FA4FAA8B278886B2004ABED2 /* Constants.swift in Sources */ = {isa = PBXBuildFile; fileRef = FA4FAA8A278886B2004ABED2 /* Constants.swift */; };
		FA4FAA8D278886F7004ABED2 /* NetworkService.swift in Sources */ = {isa = PBXBuildFile; fileRef = FA4FAA8C278886F7004ABED2 /* NetworkService.swift */; };
		FA4FAA8F27888734004ABED2 /* PhotosRequestDTO+Mapping.swift in Sources */ = {isa = PBXBuildFile; fileRef = FA4FAA8E27888734004ABED2 /* PhotosRequestDTO+Mapping.swift */; };
		FA4FAA912788875A004ABED2 /* PhotosResponseDTO+Mapping.swift in Sources */ = {isa = PBXBuildFile; fileRef = FA4FAA902788875A004ABED2 /* PhotosResponseDTO+Mapping.swift */; };
		FA4FAA94278889DE004ABED2 /* CoreDataStorage.swift in Sources */ = {isa = PBXBuildFile; fileRef = FA4FAA93278889DE004ABED2 /* CoreDataStorage.swift */; };
		FA4FAA9727888A1F004ABED2 /* PhotosResponseStorage.swift in Sources */ = {isa = PBXBuildFile; fileRef = FA4FAA9627888A1F004ABED2 /* PhotosResponseStorage.swift */; };
		FA4FAA9927888A75004ABED2 /* DefaultPhotosCoreDataStorage.swift in Sources */ = {isa = PBXBuildFile; fileRef = FA4FAA9827888A75004ABED2 /* DefaultPhotosCoreDataStorage.swift */; };
		FA4FAA9A27888C5C004ABED2 /* ListPhotos.xcdatamodeld in Sources */ = {isa = PBXBuildFile; fileRef = FA4FAA56278884A3004ABED2 /* ListPhotos.xcdatamodeld */; };
		FA4FAA9D27888D0B004ABED2 /* PhotosResponseEntity+Mapping.swift in Sources */ = {isa = PBXBuildFile; fileRef = FA4FAA9C27888D0B004ABED2 /* PhotosResponseEntity+Mapping.swift */; };
		FA4FAAA2278892EF004ABED2 /* PhotosQuery.swift in Sources */ = {isa = PBXBuildFile; fileRef = FA4FAAA1278892EF004ABED2 /* PhotosQuery.swift */; };
		FA4FAAA4278892FE004ABED2 /* PhotosModel.swift in Sources */ = {isa = PBXBuildFile; fileRef = FA4FAAA3278892FE004ABED2 /* PhotosModel.swift */; };
		FA4FAAA7278894B7004ABED2 /* PhotosUseCase.swift in Sources */ = {isa = PBXBuildFile; fileRef = FA4FAAA6278894B7004ABED2 /* PhotosUseCase.swift */; };
		FA4FAAAA2788954F004ABED2 /* PhotosRepository.swift in Sources */ = {isa = PBXBuildFile; fileRef = FA4FAAA92788954F004ABED2 /* PhotosRepository.swift */; };
		FA4FAAAC27889EBE004ABED2 /* DefaultPhotosRepositoryImplementer.swift in Sources */ = {isa = PBXBuildFile; fileRef = FA4FAAAB27889EBE004ABED2 /* DefaultPhotosRepositoryImplementer.swift */; };
/* End PBXBuildFile section */

/* Begin PBXContainerItemProxy section */
		FA4FAA64278884A5004ABED2 /* PBXContainerItemProxy */ = {
			isa = PBXContainerItemProxy;
			containerPortal = FA4FAA42278884A3004ABED2 /* Project object */;
			proxyType = 1;
			remoteGlobalIDString = FA4FAA49278884A3004ABED2;
			remoteInfo = ListPhotos;
		};
		FA4FAA6F278884A6004ABED2 /* PBXContainerItemProxy */ = {
			isa = PBXContainerItemProxy;
			containerPortal = FA4FAA42278884A3004ABED2 /* Project object */;
			proxyType = 1;
			remoteGlobalIDString = FA4FAA49278884A3004ABED2;
			remoteInfo = ListPhotos;
		};
/* End PBXContainerItemProxy section */

/* Begin PBXFileReference section */
		FA4FAA4A278884A3004ABED2 /* ListPhotos.app */ = {isa = PBXFileReference; explicitFileType = wrapper.application; includeInIndex = 0; path = ListPhotos.app; sourceTree = BUILT_PRODUCTS_DIR; };
		FA4FAA4D278884A3004ABED2 /* AppDelegate.swift */ = {isa = PBXFileReference; lastKnownFileType = sourcecode.swift; path = AppDelegate.swift; sourceTree = "<group>"; };
		FA4FAA4F278884A3004ABED2 /* SceneDelegate.swift */ = {isa = PBXFileReference; lastKnownFileType = sourcecode.swift; path = SceneDelegate.swift; sourceTree = "<group>"; };
		FA4FAA51278884A3004ABED2 /* ViewController.swift */ = {isa = PBXFileReference; lastKnownFileType = sourcecode.swift; path = ViewController.swift; sourceTree = "<group>"; };
		FA4FAA54278884A3004ABED2 /* Base */ = {isa = PBXFileReference; lastKnownFileType = file.storyboard; name = Base; path = Base.lproj/Main.storyboard; sourceTree = "<group>"; };
		FA4FAA57278884A3004ABED2 /* ListPhotos.xcdatamodel */ = {isa = PBXFileReference; lastKnownFileType = wrapper.xcdatamodel; path = ListPhotos.xcdatamodel; sourceTree = "<group>"; };
		FA4FAA59278884A5004ABED2 /* Assets.xcassets */ = {isa = PBXFileReference; lastKnownFileType = folder.assetcatalog; path = Assets.xcassets; sourceTree = "<group>"; };
		FA4FAA5C278884A5004ABED2 /* Base */ = {isa = PBXFileReference; lastKnownFileType = file.storyboard; name = Base; path = Base.lproj/LaunchScreen.storyboard; sourceTree = "<group>"; };
		FA4FAA5E278884A5004ABED2 /* Info.plist */ = {isa = PBXFileReference; lastKnownFileType = text.plist.xml; path = Info.plist; sourceTree = "<group>"; };
		FA4FAA63278884A5004ABED2 /* ListPhotosTests.xctest */ = {isa = PBXFileReference; explicitFileType = wrapper.cfbundle; includeInIndex = 0; path = ListPhotosTests.xctest; sourceTree = BUILT_PRODUCTS_DIR; };
		FA4FAA67278884A5004ABED2 /* ListPhotosTests.swift */ = {isa = PBXFileReference; lastKnownFileType = sourcecode.swift; path = ListPhotosTests.swift; sourceTree = "<group>"; };
		FA4FAA69278884A5004ABED2 /* Info.plist */ = {isa = PBXFileReference; lastKnownFileType = text.plist.xml; path = Info.plist; sourceTree = "<group>"; };
		FA4FAA6E278884A6004ABED2 /* ListPhotosUITests.xctest */ = {isa = PBXFileReference; explicitFileType = wrapper.cfbundle; includeInIndex = 0; path = ListPhotosUITests.xctest; sourceTree = BUILT_PRODUCTS_DIR; };
		FA4FAA72278884A6004ABED2 /* ListPhotosUITests.swift */ = {isa = PBXFileReference; lastKnownFileType = sourcecode.swift; path = ListPhotosUITests.swift; sourceTree = "<group>"; };
		FA4FAA74278884A6004ABED2 /* Info.plist */ = {isa = PBXFileReference; lastKnownFileType = text.plist.xml; path = Info.plist; sourceTree = "<group>"; };
		FA4FAA8A278886B2004ABED2 /* Constants.swift */ = {isa = PBXFileReference; lastKnownFileType = sourcecode.swift; path = Constants.swift; sourceTree = "<group>"; };
		FA4FAA8C278886F7004ABED2 /* NetworkService.swift */ = {isa = PBXFileReference; lastKnownFileType = sourcecode.swift; path = NetworkService.swift; sourceTree = "<group>"; };
		FA4FAA8E27888734004ABED2 /* PhotosRequestDTO+Mapping.swift */ = {isa = PBXFileReference; lastKnownFileType = sourcecode.swift; path = "PhotosRequestDTO+Mapping.swift"; sourceTree = "<group>"; };
		FA4FAA902788875A004ABED2 /* PhotosResponseDTO+Mapping.swift */ = {isa = PBXFileReference; lastKnownFileType = sourcecode.swift; path = "PhotosResponseDTO+Mapping.swift"; sourceTree = "<group>"; };
		FA4FAA93278889DE004ABED2 /* CoreDataStorage.swift */ = {isa = PBXFileReference; lastKnownFileType = sourcecode.swift; path = CoreDataStorage.swift; sourceTree = "<group>"; };
		FA4FAA9627888A1F004ABED2 /* PhotosResponseStorage.swift */ = {isa = PBXFileReference; lastKnownFileType = sourcecode.swift; path = PhotosResponseStorage.swift; sourceTree = "<group>"; };
		FA4FAA9827888A75004ABED2 /* DefaultPhotosCoreDataStorage.swift */ = {isa = PBXFileReference; lastKnownFileType = sourcecode.swift; path = DefaultPhotosCoreDataStorage.swift; sourceTree = "<group>"; };
		FA4FAA9C27888D0B004ABED2 /* PhotosResponseEntity+Mapping.swift */ = {isa = PBXFileReference; lastKnownFileType = sourcecode.swift; path = "PhotosResponseEntity+Mapping.swift"; sourceTree = "<group>"; };
		FA4FAAA1278892EF004ABED2 /* PhotosQuery.swift */ = {isa = PBXFileReference; lastKnownFileType = sourcecode.swift; path = PhotosQuery.swift; sourceTree = "<group>"; };
		FA4FAAA3278892FE004ABED2 /* PhotosModel.swift */ = {isa = PBXFileReference; lastKnownFileType = sourcecode.swift; path = PhotosModel.swift; sourceTree = "<group>"; };
		FA4FAAA6278894B7004ABED2 /* PhotosUseCase.swift */ = {isa = PBXFileReference; lastKnownFileType = sourcecode.swift; path = PhotosUseCase.swift; sourceTree = "<group>"; };
		FA4FAAA92788954F004ABED2 /* PhotosRepository.swift */ = {isa = PBXFileReference; lastKnownFileType = sourcecode.swift; path = PhotosRepository.swift; sourceTree = "<group>"; };
		FA4FAAAB27889EBE004ABED2 /* DefaultPhotosRepositoryImplementer.swift */ = {isa = PBXFileReference; lastKnownFileType = sourcecode.swift; path = DefaultPhotosRepositoryImplementer.swift; sourceTree = "<group>"; };
/* End PBXFileReference section */

/* Begin PBXFrameworksBuildPhase section */
		FA4FAA47278884A3004ABED2 /* Frameworks */ = {
			isa = PBXFrameworksBuildPhase;
			buildActionMask = 2147483647;
			files = (
			);
			runOnlyForDeploymentPostprocessing = 0;
		};
		FA4FAA60278884A5004ABED2 /* Frameworks */ = {
			isa = PBXFrameworksBuildPhase;
			buildActionMask = 2147483647;
			files = (
			);
			runOnlyForDeploymentPostprocessing = 0;
		};
		FA4FAA6B278884A6004ABED2 /* Frameworks */ = {
			isa = PBXFrameworksBuildPhase;
			buildActionMask = 2147483647;
			files = (
			);
			runOnlyForDeploymentPostprocessing = 0;
		};
/* End PBXFrameworksBuildPhase section */

/* Begin PBXGroup section */
		FA4FAA41278884A3004ABED2 = {
			isa = PBXGroup;
			children = (
				FA4FAA4C278884A3004ABED2 /* ListPhotos */,
				FA4FAA66278884A5004ABED2 /* ListPhotosTests */,
				FA4FAA71278884A6004ABED2 /* ListPhotosUITests */,
				FA4FAA4B278884A3004ABED2 /* Products */,
			);
			sourceTree = "<group>";
		};
		FA4FAA4B278884A3004ABED2 /* Products */ = {
			isa = PBXGroup;
			children = (
				FA4FAA4A278884A3004ABED2 /* ListPhotos.app */,
				FA4FAA63278884A5004ABED2 /* ListPhotosTests.xctest */,
				FA4FAA6E278884A6004ABED2 /* ListPhotosUITests.xctest */,
			);
			name = Products;
			sourceTree = "<group>";
		};
		FA4FAA4C278884A3004ABED2 /* ListPhotos */ = {
			isa = PBXGroup;
			children = (
				FA4FAA80278885FC004ABED2 /* Application */,
				FA4FAA832788862B004ABED2 /* Presentation */,
				FA4FAA812788861C004ABED2 /* Domain */,
				FA4FAA8227888621004ABED2 /* Data */,
				FA4FAA59278884A5004ABED2 /* Assets.xcassets */,
				FA4FAA5B278884A5004ABED2 /* LaunchScreen.storyboard */,
				FA4FAA5E278884A5004ABED2 /* Info.plist */,
			);
			path = ListPhotos;
			sourceTree = "<group>";
		};
		FA4FAA66278884A5004ABED2 /* ListPhotosTests */ = {
			isa = PBXGroup;
			children = (
				FA4FAA67278884A5004ABED2 /* ListPhotosTests.swift */,
				FA4FAA69278884A5004ABED2 /* Info.plist */,
			);
			path = ListPhotosTests;
			sourceTree = "<group>";
		};
		FA4FAA71278884A6004ABED2 /* ListPhotosUITests */ = {
			isa = PBXGroup;
			children = (
				FA4FAA72278884A6004ABED2 /* ListPhotosUITests.swift */,
				FA4FAA74278884A6004ABED2 /* Info.plist */,
			);
			path = ListPhotosUITests;
			sourceTree = "<group>";
		};
		FA4FAA80278885FC004ABED2 /* Application */ = {
			isa = PBXGroup;
			children = (
				FA4FAA4D278884A3004ABED2 /* AppDelegate.swift */,
				FA4FAA4F278884A3004ABED2 /* SceneDelegate.swift */,
			);
			path = Application;
			sourceTree = "<group>";
		};
		FA4FAA812788861C004ABED2 /* Domain */ = {
			isa = PBXGroup;
			children = (
				FA4FAAA0278892D0004ABED2 /* Entity */,
				FA4FAAA52788947B004ABED2 /* UseCases */,
				FA4FAAA82788951B004ABED2 /* Repositories */,
			);
			path = Domain;
			sourceTree = "<group>";
		};
		FA4FAA8227888621004ABED2 /* Data */ = {
			isa = PBXGroup;
			children = (
				FA4FAA9F278892A3004ABED2 /* Repository */,
				FA4FAA9E27889299004ABED2 /* Source */,
			);
			path = Data;
			sourceTree = "<group>";
		};
		FA4FAA832788862B004ABED2 /* Presentation */ = {
			isa = PBXGroup;
			children = (
				FA4FAA51278884A3004ABED2 /* ViewController.swift */,
				FA4FAA53278884A3004ABED2 /* Main.storyboard */,
			);
			path = Presentation;
			sourceTree = "<group>";
		};
		FA4FAA8427888653004ABED2 /* Local */ = {
			isa = PBXGroup;
			children = (
				FA4FAA92278889CE004ABED2 /* CoreDataStorage */,
				FA4FAA9527888A06004ABED2 /* PhotosResponseStorage */,
			);
			path = Local;
			sourceTree = "<group>";
		};
		FA4FAA8527888658004ABED2 /* Remote */ = {
			isa = PBXGroup;
			children = (
				FA4FAA8827888698004ABED2 /* DataMapping */,
				FA4FAA8727888691004ABED2 /* Network */,
			);
			path = Remote;
			sourceTree = "<group>";
		};
		FA4FAA8727888691004ABED2 /* Network */ = {
			isa = PBXGroup;
			children = (
				FA4FAA8A278886B2004ABED2 /* Constants.swift */,
				FA4FAA8C278886F7004ABED2 /* NetworkService.swift */,
			);
			path = Network;
			sourceTree = "<group>";
		};
		FA4FAA8827888698004ABED2 /* DataMapping */ = {
			isa = PBXGroup;
			children = (
				FA4FAA8E27888734004ABED2 /* PhotosRequestDTO+Mapping.swift */,
				FA4FAA902788875A004ABED2 /* PhotosResponseDTO+Mapping.swift */,
			);
			path = DataMapping;
			sourceTree = "<group>";
		};
		FA4FAA92278889CE004ABED2 /* CoreDataStorage */ = {
			isa = PBXGroup;
			children = (
				FA4FAA93278889DE004ABED2 /* CoreDataStorage.swift */,
				FA4FAA56278884A3004ABED2 /* ListPhotos.xcdatamodeld */,
			);
			path = CoreDataStorage;
			sourceTree = "<group>";
		};
		FA4FAA9527888A06004ABED2 /* PhotosResponseStorage */ = {
			isa = PBXGroup;
			children = (
				FA4FAA9B27888CDE004ABED2 /* EntityMapping */,
				FA4FAA9627888A1F004ABED2 /* PhotosResponseStorage.swift */,
				FA4FAA9827888A75004ABED2 /* DefaultPhotosCoreDataStorage.swift */,
			);
			path = PhotosResponseStorage;
			sourceTree = "<group>";
		};
		FA4FAA9B27888CDE004ABED2 /* EntityMapping */ = {
			isa = PBXGroup;
			children = (
				FA4FAA9C27888D0B004ABED2 /* PhotosResponseEntity+Mapping.swift */,
			);
			path = EntityMapping;
			sourceTree = "<group>";
		};
		FA4FAA9E27889299004ABED2 /* Source */ = {
			isa = PBXGroup;
			children = (
				FA4FAA8427888653004ABED2 /* Local */,
				FA4FAA8527888658004ABED2 /* Remote */,
			);
			path = Source;
			sourceTree = "<group>";
		};
		FA4FAA9F278892A3004ABED2 /* Repository */ = {
			isa = PBXGroup;
			children = (
				FA4FAAAB27889EBE004ABED2 /* DefaultPhotosRepositoryImplementer.swift */,
			);
			path = Repository;
			sourceTree = "<group>";
		};
		FA4FAAA0278892D0004ABED2 /* Entity */ = {
			isa = PBXGroup;
			children = (
				FA4FAAA1278892EF004ABED2 /* PhotosQuery.swift */,
				FA4FAAA3278892FE004ABED2 /* PhotosModel.swift */,
			);
			path = Entity;
			sourceTree = "<group>";
		};
		FA4FAAA52788947B004ABED2 /* UseCases */ = {
			isa = PBXGroup;
			children = (
				FA4FAAA6278894B7004ABED2 /* PhotosUseCase.swift */,
			);
			path = UseCases;
			sourceTree = "<group>";
		};
		FA4FAAA82788951B004ABED2 /* Repositories */ = {
			isa = PBXGroup;
			children = (
				FA4FAAA92788954F004ABED2 /* PhotosRepository.swift */,
			);
			path = Repositories;
			sourceTree = "<group>";
		};
/* End PBXGroup section */

/* Begin PBXNativeTarget section */
		FA4FAA49278884A3004ABED2 /* ListPhotos */ = {
			isa = PBXNativeTarget;
			buildConfigurationList = FA4FAA77278884A6004ABED2 /* Build configuration list for PBXNativeTarget "ListPhotos" */;
			buildPhases = (
				FA4FAA46278884A3004ABED2 /* Sources */,
				FA4FAA47278884A3004ABED2 /* Frameworks */,
				FA4FAA48278884A3004ABED2 /* Resources */,
			);
			buildRules = (
			);
			dependencies = (
			);
			name = ListPhotos;
			productName = ListPhotos;
			productReference = FA4FAA4A278884A3004ABED2 /* ListPhotos.app */;
			productType = "com.apple.product-type.application";
		};
		FA4FAA62278884A5004ABED2 /* ListPhotosTests */ = {
			isa = PBXNativeTarget;
			buildConfigurationList = FA4FAA7A278884A6004ABED2 /* Build configuration list for PBXNativeTarget "ListPhotosTests" */;
			buildPhases = (
				FA4FAA5F278884A5004ABED2 /* Sources */,
				FA4FAA60278884A5004ABED2 /* Frameworks */,
				FA4FAA61278884A5004ABED2 /* Resources */,
			);
			buildRules = (
			);
			dependencies = (
				FA4FAA65278884A5004ABED2 /* PBXTargetDependency */,
			);
			name = ListPhotosTests;
			productName = ListPhotosTests;
			productReference = FA4FAA63278884A5004ABED2 /* ListPhotosTests.xctest */;
			productType = "com.apple.product-type.bundle.unit-test";
		};
		FA4FAA6D278884A6004ABED2 /* ListPhotosUITests */ = {
			isa = PBXNativeTarget;
			buildConfigurationList = FA4FAA7D278884A6004ABED2 /* Build configuration list for PBXNativeTarget "ListPhotosUITests" */;
			buildPhases = (
				FA4FAA6A278884A6004ABED2 /* Sources */,
				FA4FAA6B278884A6004ABED2 /* Frameworks */,
				FA4FAA6C278884A6004ABED2 /* Resources */,
			);
			buildRules = (
			);
			dependencies = (
				FA4FAA70278884A6004ABED2 /* PBXTargetDependency */,
			);
			name = ListPhotosUITests;
			productName = ListPhotosUITests;
			productReference = FA4FAA6E278884A6004ABED2 /* ListPhotosUITests.xctest */;
			productType = "com.apple.product-type.bundle.ui-testing";
		};
/* End PBXNativeTarget section */

/* Begin PBXProject section */
		FA4FAA42278884A3004ABED2 /* Project object */ = {
			isa = PBXProject;
			attributes = {
				LastSwiftUpdateCheck = 1250;
				LastUpgradeCheck = 1250;
				TargetAttributes = {
					FA4FAA49278884A3004ABED2 = {
						CreatedOnToolsVersion = 12.5;
					};
					FA4FAA62278884A5004ABED2 = {
						CreatedOnToolsVersion = 12.5;
						TestTargetID = FA4FAA49278884A3004ABED2;
					};
					FA4FAA6D278884A6004ABED2 = {
						CreatedOnToolsVersion = 12.5;
						TestTargetID = FA4FAA49278884A3004ABED2;
					};
				};
			};
			buildConfigurationList = FA4FAA45278884A3004ABED2 /* Build configuration list for PBXProject "ListPhotos" */;
			compatibilityVersion = "Xcode 9.3";
			developmentRegion = en;
			hasScannedForEncodings = 0;
			knownRegions = (
				en,
				Base,
			);
			mainGroup = FA4FAA41278884A3004ABED2;
			productRefGroup = FA4FAA4B278884A3004ABED2 /* Products */;
			projectDirPath = "";
			projectRoot = "";
			targets = (
				FA4FAA49278884A3004ABED2 /* ListPhotos */,
				FA4FAA62278884A5004ABED2 /* ListPhotosTests */,
				FA4FAA6D278884A6004ABED2 /* ListPhotosUITests */,
			);
		};
/* End PBXProject section */

/* Begin PBXResourcesBuildPhase section */
		FA4FAA48278884A3004ABED2 /* Resources */ = {
			isa = PBXResourcesBuildPhase;
			buildActionMask = 2147483647;
			files = (
				FA4FAA5D278884A5004ABED2 /* LaunchScreen.storyboard in Resources */,
				FA4FAA5A278884A5004ABED2 /* Assets.xcassets in Resources */,
				FA4FAA55278884A3004ABED2 /* Main.storyboard in Resources */,
			);
			runOnlyForDeploymentPostprocessing = 0;
		};
		FA4FAA61278884A5004ABED2 /* Resources */ = {
			isa = PBXResourcesBuildPhase;
			buildActionMask = 2147483647;
			files = (
			);
			runOnlyForDeploymentPostprocessing = 0;
		};
		FA4FAA6C278884A6004ABED2 /* Resources */ = {
			isa = PBXResourcesBuildPhase;
			buildActionMask = 2147483647;
			files = (
			);
			runOnlyForDeploymentPostprocessing = 0;
		};
/* End PBXResourcesBuildPhase section */

/* Begin PBXSourcesBuildPhase section */
		FA4FAA46278884A3004ABED2 /* Sources */ = {
			isa = PBXSourcesBuildPhase;
			buildActionMask = 2147483647;
			files = (
				FA4FAAA7278894B7004ABED2 /* PhotosUseCase.swift in Sources */,
				FA4FAAA4278892FE004ABED2 /* PhotosModel.swift in Sources */,
				FA4FAAA2278892EF004ABED2 /* PhotosQuery.swift in Sources */,
				FA4FAA8B278886B2004ABED2 /* Constants.swift in Sources */,
				FA4FAA9D27888D0B004ABED2 /* PhotosResponseEntity+Mapping.swift in Sources */,
				FA4FAA9A27888C5C004ABED2 /* ListPhotos.xcdatamodeld in Sources */,
				FA4FAA8F27888734004ABED2 /* PhotosRequestDTO+Mapping.swift in Sources */,
				FA4FAA9727888A1F004ABED2 /* PhotosResponseStorage.swift in Sources */,
				FA4FAA9927888A75004ABED2 /* DefaultPhotosCoreDataStorage.swift in Sources */,
				FA4FAAAC27889EBE004ABED2 /* DefaultPhotosRepositoryImplementer.swift in Sources */,
				FA4FAA94278889DE004ABED2 /* CoreDataStorage.swift in Sources */,
				FA4FAA52278884A3004ABED2 /* ViewController.swift in Sources */,
				FA4FAA912788875A004ABED2 /* PhotosResponseDTO+Mapping.swift in Sources */,
				FA4FAA4E278884A3004ABED2 /* AppDelegate.swift in Sources */,
				FA4FAA8D278886F7004ABED2 /* NetworkService.swift in Sources */,
				FA4FAAAA2788954F004ABED2 /* PhotosRepository.swift in Sources */,
				FA4FAA50278884A3004ABED2 /* SceneDelegate.swift in Sources */,
			);
			runOnlyForDeploymentPostprocessing = 0;
		};
		FA4FAA5F278884A5004ABED2 /* Sources */ = {
			isa = PBXSourcesBuildPhase;
			buildActionMask = 2147483647;
			files = (
				FA4FAA68278884A5004ABED2 /* ListPhotosTests.swift in Sources */,
			);
			runOnlyForDeploymentPostprocessing = 0;
		};
		FA4FAA6A278884A6004ABED2 /* Sources */ = {
			isa = PBXSourcesBuildPhase;
			buildActionMask = 2147483647;
			files = (
				FA4FAA73278884A6004ABED2 /* ListPhotosUITests.swift in Sources */,
			);
			runOnlyForDeploymentPostprocessing = 0;
		};
/* End PBXSourcesBuildPhase section */

/* Begin PBXTargetDependency section */
		FA4FAA65278884A5004ABED2 /* PBXTargetDependency */ = {
			isa = PBXTargetDependency;
			target = FA4FAA49278884A3004ABED2 /* ListPhotos */;
			targetProxy = FA4FAA64278884A5004ABED2 /* PBXContainerItemProxy */;
		};
		FA4FAA70278884A6004ABED2 /* PBXTargetDependency */ = {
			isa = PBXTargetDependency;
			target = FA4FAA49278884A3004ABED2 /* ListPhotos */;
			targetProxy = FA4FAA6F278884A6004ABED2 /* PBXContainerItemProxy */;
		};
/* End PBXTargetDependency section */

/* Begin PBXVariantGroup section */
		FA4FAA53278884A3004ABED2 /* Main.storyboard */ = {
			isa = PBXVariantGroup;
			children = (
				FA4FAA54278884A3004ABED2 /* Base */,
			);
			name = Main.storyboard;
			sourceTree = "<group>";
		};
		FA4FAA5B278884A5004ABED2 /* LaunchScreen.storyboard */ = {
			isa = PBXVariantGroup;
			children = (
				FA4FAA5C278884A5004ABED2 /* Base */,
			);
			name = LaunchScreen.storyboard;
			sourceTree = "<group>";
		};
/* End PBXVariantGroup section */

/* Begin XCBuildConfiguration section */
		FA4FAA75278884A6004ABED2 /* Debug */ = {
			isa = XCBuildConfiguration;
			buildSettings = {
				ALWAYS_SEARCH_USER_PATHS = NO;
				CLANG_ANALYZER_NONNULL = YES;
				CLANG_ANALYZER_NUMBER_OBJECT_CONVERSION = YES_AGGRESSIVE;
				CLANG_CXX_LANGUAGE_STANDARD = "gnu++14";
				CLANG_CXX_LIBRARY = "libc++";
				CLANG_ENABLE_MODULES = YES;
				CLANG_ENABLE_OBJC_ARC = YES;
				CLANG_ENABLE_OBJC_WEAK = YES;
				CLANG_WARN_BLOCK_CAPTURE_AUTORELEASING = YES;
				CLANG_WARN_BOOL_CONVERSION = YES;
				CLANG_WARN_COMMA = YES;
				CLANG_WARN_CONSTANT_CONVERSION = YES;
				CLANG_WARN_DEPRECATED_OBJC_IMPLEMENTATIONS = YES;
				CLANG_WARN_DIRECT_OBJC_ISA_USAGE = YES_ERROR;
				CLANG_WARN_DOCUMENTATION_COMMENTS = YES;
				CLANG_WARN_EMPTY_BODY = YES;
				CLANG_WARN_ENUM_CONVERSION = YES;
				CLANG_WARN_INFINITE_RECURSION = YES;
				CLANG_WARN_INT_CONVERSION = YES;
				CLANG_WARN_NON_LITERAL_NULL_CONVERSION = YES;
				CLANG_WARN_OBJC_IMPLICIT_RETAIN_SELF = YES;
				CLANG_WARN_OBJC_LITERAL_CONVERSION = YES;
				CLANG_WARN_OBJC_ROOT_CLASS = YES_ERROR;
				CLANG_WARN_QUOTED_INCLUDE_IN_FRAMEWORK_HEADER = YES;
				CLANG_WARN_RANGE_LOOP_ANALYSIS = YES;
				CLANG_WARN_STRICT_PROTOTYPES = YES;
				CLANG_WARN_SUSPICIOUS_MOVE = YES;
				CLANG_WARN_UNGUARDED_AVAILABILITY = YES_AGGRESSIVE;
				CLANG_WARN_UNREACHABLE_CODE = YES;
				CLANG_WARN__DUPLICATE_METHOD_MATCH = YES;
				COPY_PHASE_STRIP = NO;
				DEBUG_INFORMATION_FORMAT = dwarf;
				ENABLE_STRICT_OBJC_MSGSEND = YES;
				ENABLE_TESTABILITY = YES;
				GCC_C_LANGUAGE_STANDARD = gnu11;
				GCC_DYNAMIC_NO_PIC = NO;
				GCC_NO_COMMON_BLOCKS = YES;
				GCC_OPTIMIZATION_LEVEL = 0;
				GCC_PREPROCESSOR_DEFINITIONS = (
					"DEBUG=1",
					"$(inherited)",
				);
				GCC_WARN_64_TO_32_BIT_CONVERSION = YES;
				GCC_WARN_ABOUT_RETURN_TYPE = YES_ERROR;
				GCC_WARN_UNDECLARED_SELECTOR = YES;
				GCC_WARN_UNINITIALIZED_AUTOS = YES_AGGRESSIVE;
				GCC_WARN_UNUSED_FUNCTION = YES;
				GCC_WARN_UNUSED_VARIABLE = YES;
				IPHONEOS_DEPLOYMENT_TARGET = 14.5;
				MTL_ENABLE_DEBUG_INFO = INCLUDE_SOURCE;
				MTL_FAST_MATH = YES;
				ONLY_ACTIVE_ARCH = YES;
				SDKROOT = iphoneos;
				SWIFT_ACTIVE_COMPILATION_CONDITIONS = DEBUG;
				SWIFT_OPTIMIZATION_LEVEL = "-Onone";
			};
			name = Debug;
		};
		FA4FAA76278884A6004ABED2 /* Release */ = {
			isa = XCBuildConfiguration;
			buildSettings = {
				ALWAYS_SEARCH_USER_PATHS = NO;
				CLANG_ANALYZER_NONNULL = YES;
				CLANG_ANALYZER_NUMBER_OBJECT_CONVERSION = YES_AGGRESSIVE;
				CLANG_CXX_LANGUAGE_STANDARD = "gnu++14";
				CLANG_CXX_LIBRARY = "libc++";
				CLANG_ENABLE_MODULES = YES;
				CLANG_ENABLE_OBJC_ARC = YES;
				CLANG_ENABLE_OBJC_WEAK = YES;
				CLANG_WARN_BLOCK_CAPTURE_AUTORELEASING = YES;
				CLANG_WARN_BOOL_CONVERSION = YES;
				CLANG_WARN_COMMA = YES;
				CLANG_WARN_CONSTANT_CONVERSION = YES;
				CLANG_WARN_DEPRECATED_OBJC_IMPLEMENTATIONS = YES;
				CLANG_WARN_DIRECT_OBJC_ISA_USAGE = YES_ERROR;
				CLANG_WARN_DOCUMENTATION_COMMENTS = YES;
				CLANG_WARN_EMPTY_BODY = YES;
				CLANG_WARN_ENUM_CONVERSION = YES;
				CLANG_WARN_INFINITE_RECURSION = YES;
				CLANG_WARN_INT_CONVERSION = YES;
				CLANG_WARN_NON_LITERAL_NULL_CONVERSION = YES;
				CLANG_WARN_OBJC_IMPLICIT_RETAIN_SELF = YES;
				CLANG_WARN_OBJC_LITERAL_CONVERSION = YES;
				CLANG_WARN_OBJC_ROOT_CLASS = YES_ERROR;
				CLANG_WARN_QUOTED_INCLUDE_IN_FRAMEWORK_HEADER = YES;
				CLANG_WARN_RANGE_LOOP_ANALYSIS = YES;
				CLANG_WARN_STRICT_PROTOTYPES = YES;
				CLANG_WARN_SUSPICIOUS_MOVE = YES;
				CLANG_WARN_UNGUARDED_AVAILABILITY = YES_AGGRESSIVE;
				CLANG_WARN_UNREACHABLE_CODE = YES;
				CLANG_WARN__DUPLICATE_METHOD_MATCH = YES;
				COPY_PHASE_STRIP = NO;
				DEBUG_INFORMATION_FORMAT = "dwarf-with-dsym";
				ENABLE_NS_ASSERTIONS = NO;
				ENABLE_STRICT_OBJC_MSGSEND = YES;
				GCC_C_LANGUAGE_STANDARD = gnu11;
				GCC_NO_COMMON_BLOCKS = YES;
				GCC_WARN_64_TO_32_BIT_CONVERSION = YES;
				GCC_WARN_ABOUT_RETURN_TYPE = YES_ERROR;
				GCC_WARN_UNDECLARED_SELECTOR = YES;
				GCC_WARN_UNINITIALIZED_AUTOS = YES_AGGRESSIVE;
				GCC_WARN_UNUSED_FUNCTION = YES;
				GCC_WARN_UNUSED_VARIABLE = YES;
				IPHONEOS_DEPLOYMENT_TARGET = 14.5;
				MTL_ENABLE_DEBUG_INFO = NO;
				MTL_FAST_MATH = YES;
				SDKROOT = iphoneos;
				SWIFT_COMPILATION_MODE = wholemodule;
				SWIFT_OPTIMIZATION_LEVEL = "-O";
				VALIDATE_PRODUCT = YES;
			};
			name = Release;
		};
		FA4FAA78278884A6004ABED2 /* Debug */ = {
			isa = XCBuildConfiguration;
			buildSettings = {
				ASSETCATALOG_COMPILER_APPICON_NAME = AppIcon;
				ASSETCATALOG_COMPILER_GLOBAL_ACCENT_COLOR_NAME = AccentColor;
				CODE_SIGN_STYLE = Automatic;
				DEVELOPMENT_TEAM = NHB6XUG436;
				INFOPLIST_FILE = ListPhotos/Info.plist;
				LD_RUNPATH_SEARCH_PATHS = (
					"$(inherited)",
					"@executable_path/Frameworks",
				);
				PRODUCT_BUNDLE_IDENTIFIER = com.mr.ListPhotos;
				PRODUCT_NAME = "$(TARGET_NAME)";
				SWIFT_VERSION = 5.0;
				TARGETED_DEVICE_FAMILY = "1,2";
			};
			name = Debug;
		};
		FA4FAA79278884A6004ABED2 /* Release */ = {
			isa = XCBuildConfiguration;
			buildSettings = {
				ASSETCATALOG_COMPILER_APPICON_NAME = AppIcon;
				ASSETCATALOG_COMPILER_GLOBAL_ACCENT_COLOR_NAME = AccentColor;
				CODE_SIGN_STYLE = Automatic;
				DEVELOPMENT_TEAM = NHB6XUG436;
				INFOPLIST_FILE = ListPhotos/Info.plist;
				LD_RUNPATH_SEARCH_PATHS = (
					"$(inherited)",
					"@executable_path/Frameworks",
				);
				PRODUCT_BUNDLE_IDENTIFIER = com.mr.ListPhotos;
				PRODUCT_NAME = "$(TARGET_NAME)";
				SWIFT_VERSION = 5.0;
				TARGETED_DEVICE_FAMILY = "1,2";
			};
			name = Release;
		};
		FA4FAA7B278884A6004ABED2 /* Debug */ = {
			isa = XCBuildConfiguration;
			buildSettings = {
				ALWAYS_EMBED_SWIFT_STANDARD_LIBRARIES = YES;
				BUNDLE_LOADER = "$(TEST_HOST)";
				CODE_SIGN_STYLE = Automatic;
				DEVELOPMENT_TEAM = NHB6XUG436;
				INFOPLIST_FILE = ListPhotosTests/Info.plist;
				IPHONEOS_DEPLOYMENT_TARGET = 14.5;
				LD_RUNPATH_SEARCH_PATHS = (
					"$(inherited)",
					"@executable_path/Frameworks",
					"@loader_path/Frameworks",
				);
				PRODUCT_BUNDLE_IDENTIFIER = com.mr.ListPhotosTests;
				PRODUCT_NAME = "$(TARGET_NAME)";
				SWIFT_VERSION = 5.0;
				TARGETED_DEVICE_FAMILY = "1,2";
				TEST_HOST = "$(BUILT_PRODUCTS_DIR)/ListPhotos.app/ListPhotos";
			};
			name = Debug;
		};
		FA4FAA7C278884A6004ABED2 /* Release */ = {
			isa = XCBuildConfiguration;
			buildSettings = {
				ALWAYS_EMBED_SWIFT_STANDARD_LIBRARIES = YES;
				BUNDLE_LOADER = "$(TEST_HOST)";
				CODE_SIGN_STYLE = Automatic;
				DEVELOPMENT_TEAM = NHB6XUG436;
				INFOPLIST_FILE = ListPhotosTests/Info.plist;
				IPHONEOS_DEPLOYMENT_TARGET = 14.5;
				LD_RUNPATH_SEARCH_PATHS = (
					"$(inherited)",
					"@executable_path/Frameworks",
					"@loader_path/Frameworks",
				);
				PRODUCT_BUNDLE_IDENTIFIER = com.mr.ListPhotosTests;
				PRODUCT_NAME = "$(TARGET_NAME)";
				SWIFT_VERSION = 5.0;
				TARGETED_DEVICE_FAMILY = "1,2";
				TEST_HOST = "$(BUILT_PRODUCTS_DIR)/ListPhotos.app/ListPhotos";
			};
			name = Release;
		};
		FA4FAA7E278884A6004ABED2 /* Debug */ = {
			isa = XCBuildConfiguration;
			buildSettings = {
				ALWAYS_EMBED_SWIFT_STANDARD_LIBRARIES = YES;
				CODE_SIGN_STYLE = Automatic;
				DEVELOPMENT_TEAM = NHB6XUG436;
				INFOPLIST_FILE = ListPhotosUITests/Info.plist;
				LD_RUNPATH_SEARCH_PATHS = (
					"$(inherited)",
					"@executable_path/Frameworks",
					"@loader_path/Frameworks",
				);
				PRODUCT_BUNDLE_IDENTIFIER = com.mr.ListPhotosUITests;
				PRODUCT_NAME = "$(TARGET_NAME)";
				SWIFT_VERSION = 5.0;
				TARGETED_DEVICE_FAMILY = "1,2";
				TEST_TARGET_NAME = ListPhotos;
			};
			name = Debug;
		};
		FA4FAA7F278884A6004ABED2 /* Release */ = {
			isa = XCBuildConfiguration;
			buildSettings = {
				ALWAYS_EMBED_SWIFT_STANDARD_LIBRARIES = YES;
				CODE_SIGN_STYLE = Automatic;
				DEVELOPMENT_TEAM = NHB6XUG436;
				INFOPLIST_FILE = ListPhotosUITests/Info.plist;
				LD_RUNPATH_SEARCH_PATHS = (
					"$(inherited)",
					"@executable_path/Frameworks",
					"@loader_path/Frameworks",
				);
				PRODUCT_BUNDLE_IDENTIFIER = com.mr.ListPhotosUITests;
				PRODUCT_NAME = "$(TARGET_NAME)";
				SWIFT_VERSION = 5.0;
				TARGETED_DEVICE_FAMILY = "1,2";
				TEST_TARGET_NAME = ListPhotos;
			};
			name = Release;
		};
/* End XCBuildConfiguration section */

/* Begin XCConfigurationList section */
		FA4FAA45278884A3004ABED2 /* Build configuration list for PBXProject "ListPhotos" */ = {
			isa = XCConfigurationList;
			buildConfigurations = (
				FA4FAA75278884A6004ABED2 /* Debug */,
				FA4FAA76278884A6004ABED2 /* Release */,
			);
			defaultConfigurationIsVisible = 0;
			defaultConfigurationName = Release;
		};
		FA4FAA77278884A6004ABED2 /* Build configuration list for PBXNativeTarget "ListPhotos" */ = {
			isa = XCConfigurationList;
			buildConfigurations = (
				FA4FAA78278884A6004ABED2 /* Debug */,
				FA4FAA79278884A6004ABED2 /* Release */,
			);
			defaultConfigurationIsVisible = 0;
			defaultConfigurationName = Release;
		};
		FA4FAA7A278884A6004ABED2 /* Build configuration list for PBXNativeTarget "ListPhotosTests" */ = {
			isa = XCConfigurationList;
			buildConfigurations = (
				FA4FAA7B278884A6004ABED2 /* Debug */,
				FA4FAA7C278884A6004ABED2 /* Release */,
			);
			defaultConfigurationIsVisible = 0;
			defaultConfigurationName = Release;
		};
		FA4FAA7D278884A6004ABED2 /* Build configuration list for PBXNativeTarget "ListPhotosUITests" */ = {
			isa = XCConfigurationList;
			buildConfigurations = (
				FA4FAA7E278884A6004ABED2 /* Debug */,
				FA4FAA7F278884A6004ABED2 /* Release */,
			);
			defaultConfigurationIsVisible = 0;
			defaultConfigurationName = Release;
		};
/* End XCConfigurationList section */

/* Begin XCVersionGroup section */
		FA4FAA56278884A3004ABED2 /* ListPhotos.xcdatamodeld */ = {
			isa = XCVersionGroup;
			children = (
				FA4FAA57278884A3004ABED2 /* ListPhotos.xcdatamodel */,
			);
			currentVersion = FA4FAA57278884A3004ABED2 /* ListPhotos.xcdatamodel */;
			path = ListPhotos.xcdatamodeld;
			sourceTree = "<group>";
			versionGroupType = wrapper.xcdatamodel;
		};
/* End XCVersionGroup section */
	};
	rootObject = FA4FAA42278884A3004ABED2 /* Project object */;
}
